{
  "name": "hermes-ah-backend",
  "version": "1.0.0",
  "lockfileVersion": 1,
  "requires": true,
  "dependencies": {
    "swagger-ui-dist": {
      "version": "3.22.0",
      "resolved": "https://registry.npmjs.org/swagger-ui-dist/-/swagger-ui-dist-3.22.0.tgz",
      "integrity": "sha512-ZFcQoi4XT2t/NGKByVwmb4iERLtGmQQEFqHNC1PmdauWVZ2y80akkzctghgAftTlc8xpUp+I62nm4Km2q82ajQ==",
      "dev": true
    },
    "swagger-ui-express": {
      "version": "4.0.2",
      "resolved": "https://registry.npmjs.org/swagger-ui-express/-/swagger-ui-express-4.0.2.tgz",
      "integrity": "sha512-XZtXI2+SKT3fgvJSGg4P7Dtmkzr50uoSb09IxbUWmjL538TIGRMZtfdEkjZEEq44xgGNAxMryzBEUdUnkXr8dA==",
      "dev": true,
      "requires": {
        "swagger-ui-dist": "^3.18.1"
      }
    }
  }
}
